// !$*UTF8*$!
{
	archiveVersion = 1;
	classes = {
	};
	objectVersion = 46;
	objects = {

/* Begin PBXBuildFile section */
		C21311041DFF09B70093C827 /* Swipe.swift in Sources */ = {isa = PBXBuildFile; fileRef = C21311031DFF09B70093C827 /* Swipe.swift */; };
		C22C568E1DFE5C7B00F707C3 /* TaskManager.swift in Sources */ = {isa = PBXBuildFile; fileRef = C22C568D1DFE5C7B00F707C3 /* TaskManager.swift */; };
		C22C56901DFE60FC00F707C3 /* SpeedRunComplete.swift in Sources */ = {isa = PBXBuildFile; fileRef = C22C568F1DFE60FC00F707C3 /* SpeedRunComplete.swift */; };
		C23198591DFF320C00EC3EEE /* nose.xml in Resources */ = {isa = PBXBuildFile; fileRef = C23198581DFF320C00EC3EEE /* nose.xml */; };
		C231985B1DFF47C700EC3EEE /* Walk.swift in Sources */ = {isa = PBXBuildFile; fileRef = C231985A1DFF47C700EC3EEE /* Walk.swift */; };
		C278074B1DFF24A7002E58DE /* HandOverCamera.swift in Sources */ = {isa = PBXBuildFile; fileRef = C278074A1DFF24A7002E58DE /* HandOverCamera.swift */; };
		C27807521DFF2717002E58DE /* OpenCVBridge.mm in Sources */ = {isa = PBXBuildFile; fileRef = C27807501DFF2717002E58DE /* OpenCVBridge.mm */; };
		C27807531DFF2717002E58DE /* VideoAnalgesic.swift in Sources */ = {isa = PBXBuildFile; fileRef = C27807511DFF2717002E58DE /* VideoAnalgesic.swift */; };
		C27807551DFF2727002E58DE /* opencv2.framework in Frameworks */ = {isa = PBXBuildFile; fileRef = C27807541DFF2727002E58DE /* opencv2.framework */; };
		C286FB6A1DFF574E00DF1ACD /* Shake.swift in Sources */ = {isa = PBXBuildFile; fileRef = C286FB691DFF574E00DF1ACD /* Shake.swift */; };
		C2E5354C1DFE467D003F749A /* Slide.swift in Sources */ = {isa = PBXBuildFile; fileRef = C2E5354B1DFE467D003F749A /* Slide.swift */; };
		D30623391DFF5B3B00DD1A5D /* DifferentShade.swift in Sources */ = {isa = PBXBuildFile; fileRef = D30623381DFF5B3B00DD1A5D /* DifferentShade.swift */; };
		D30D5CC51DE51AFD00D2D13F /* AppDelegate.swift in Sources */ = {isa = PBXBuildFile; fileRef = D30D5CC41DE51AFD00D2D13F /* AppDelegate.swift */; };
		D30D5CC71DE51AFD00D2D13F /* MenuController.swift in Sources */ = {isa = PBXBuildFile; fileRef = D30D5CC61DE51AFD00D2D13F /* MenuController.swift */; };
		D30D5CCA1DE51AFD00D2D13F /* Main.storyboard in Resources */ = {isa = PBXBuildFile; fileRef = D30D5CC81DE51AFD00D2D13F /* Main.storyboard */; };
		D30D5CCC1DE51AFD00D2D13F /* Assets.xcassets in Resources */ = {isa = PBXBuildFile; fileRef = D30D5CCB1DE51AFD00D2D13F /* Assets.xcassets */; };
		D30D5CCF1DE51AFD00D2D13F /* LaunchScreen.storyboard in Resources */ = {isa = PBXBuildFile; fileRef = D30D5CCD1DE51AFD00D2D13F /* LaunchScreen.storyboard */; };
		D35DCD351DFC96FC00CE4982 /* Button.swift in Sources */ = {isa = PBXBuildFile; fileRef = D35DCD341DFC96FC00CE4982 /* Button.swift */; };
		D35DCD371DFC974300CE4982 /* FlatSurface.swift in Sources */ = {isa = PBXBuildFile; fileRef = D35DCD361DFC974300CE4982 /* FlatSurface.swift */; };
		D35DCD391DFC976C00CE4982 /* SnapFingers.swift in Sources */ = {isa = PBXBuildFile; fileRef = D35DCD381DFC976C00CE4982 /* SnapFingers.swift */; };
		D35DCD4F1DFC9CCD00CE4982 /* .gitignore in Resources */ = {isa = PBXBuildFile; fileRef = D35DCD3B1DFC9CCD00CE4982 /* .gitignore */; };
		D35DCD501DFC9CCD00CE4982 /* AudioFileReader.m in Sources */ = {isa = PBXBuildFile; fileRef = D35DCD3D1DFC9CCD00CE4982 /* AudioFileReader.m */; };
		D35DCD511DFC9CCD00CE4982 /* AudioFileWriter.m in Sources */ = {isa = PBXBuildFile; fileRef = D35DCD3F1DFC9CCD00CE4982 /* AudioFileWriter.m */; };
		D35DCD521DFC9CCD00CE4982 /* BufferedOverlapQueue.m in Sources */ = {isa = PBXBuildFile; fileRef = D35DCD411DFC9CCD00CE4982 /* BufferedOverlapQueue.m */; };
		D35DCD531DFC9CCD00CE4982 /* CircularBuffer.m in Sources */ = {isa = PBXBuildFile; fileRef = D35DCD431DFC9CCD00CE4982 /* CircularBuffer.m */; };
		D35DCD541DFC9CCD00CE4982 /* CubicSpline.m in Sources */ = {isa = PBXBuildFile; fileRef = D35DCD451DFC9CCD00CE4982 /* CubicSpline.m */; };
		D35DCD551DFC9CCD00CE4982 /* DataBufferBlock.m in Sources */ = {isa = PBXBuildFile; fileRef = D35DCD471DFC9CCD00CE4982 /* DataBufferBlock.m */; };
		D35DCD561DFC9CCD00CE4982 /* FFTHelper.m in Sources */ = {isa = PBXBuildFile; fileRef = D35DCD491DFC9CCD00CE4982 /* FFTHelper.m */; };
		D35DCD571DFC9CCD00CE4982 /* Novocaine.m in Sources */ = {isa = PBXBuildFile; fileRef = D35DCD4B1DFC9CCD00CE4982 /* Novocaine.m */; };
		D35DCD581DFC9CCD00CE4982 /* PeakFinder.m in Sources */ = {isa = PBXBuildFile; fileRef = D35DCD4D1DFC9CCD00CE4982 /* PeakFinder.m */; };
		D35DCD591DFC9CCD00CE4982 /* README.md in Sources */ = {isa = PBXBuildFile; fileRef = D35DCD4E1DFC9CCD00CE4982 /* README.md */; };
		D3B371AF1DEDDD280015CE05 /* Task.swift in Sources */ = {isa = PBXBuildFile; fileRef = D3B371AE1DEDDD280015CE05 /* Task.swift */; };
/* End PBXBuildFile section */

/* Begin PBXFileReference section */
		C21311031DFF09B70093C827 /* Swipe.swift */ = {isa = PBXFileReference; fileEncoding = 4; lastKnownFileType = sourcecode.swift; path = Swipe.swift; sourceTree = "<group>"; };
		C22C568D1DFE5C7B00F707C3 /* TaskManager.swift */ = {isa = PBXFileReference; fileEncoding = 4; lastKnownFileType = sourcecode.swift; path = TaskManager.swift; sourceTree = "<group>"; };
		C22C568F1DFE60FC00F707C3 /* SpeedRunComplete.swift */ = {isa = PBXFileReference; fileEncoding = 4; lastKnownFileType = sourcecode.swift; path = SpeedRunComplete.swift; sourceTree = "<group>"; };
		C23198581DFF320C00EC3EEE /* nose.xml */ = {isa = PBXFileReference; fileEncoding = 4; lastKnownFileType = text.xml; path = nose.xml; sourceTree = "<group>"; };
		C231985A1DFF47C700EC3EEE /* Walk.swift */ = {isa = PBXFileReference; fileEncoding = 4; lastKnownFileType = sourcecode.swift; path = Walk.swift; sourceTree = "<group>"; };
		C278074A1DFF24A7002E58DE /* HandOverCamera.swift */ = {isa = PBXFileReference; fileEncoding = 4; lastKnownFileType = sourcecode.swift; path = HandOverCamera.swift; sourceTree = "<group>"; };
		C278074F1DFF26FF002E58DE /* OpenCVBridge.h */ = {isa = PBXFileReference; fileEncoding = 4; lastKnownFileType = sourcecode.c.h; name = OpenCVBridge.h; path = ImageDSPUtils/OpenCVBridge.h; sourceTree = "<group>"; };
		C27807501DFF2717002E58DE /* OpenCVBridge.mm */ = {isa = PBXFileReference; fileEncoding = 4; lastKnownFileType = sourcecode.cpp.objcpp; name = OpenCVBridge.mm; path = ImageDSPUtils/OpenCVBridge.mm; sourceTree = "<group>"; };
		C27807511DFF2717002E58DE /* VideoAnalgesic.swift */ = {isa = PBXFileReference; fileEncoding = 4; lastKnownFileType = sourcecode.swift; name = VideoAnalgesic.swift; path = ImageDSPUtils/VideoAnalgesic.swift; sourceTree = "<group>"; };
		C27807541DFF2727002E58DE /* opencv2.framework */ = {isa = PBXFileReference; lastKnownFileType = wrapper.framework; name = opencv2.framework; path = ImageDSPUtils/opencv2.framework; sourceTree = "<group>"; };
		C286FB691DFF574E00DF1ACD /* Shake.swift */ = {isa = PBXFileReference; fileEncoding = 4; lastKnownFileType = sourcecode.swift; path = Shake.swift; sourceTree = "<group>"; };
		C2ADBDFC1DFF2D0300A536CD /* ImageBridgingHeader.h */ = {isa = PBXFileReference; fileEncoding = 4; lastKnownFileType = sourcecode.c.h; name = ImageBridgingHeader.h; path = ImageDSPUtils/ImageBridgingHeader.h; sourceTree = "<group>"; };
		C2E5354B1DFE467D003F749A /* Slide.swift */ = {isa = PBXFileReference; fileEncoding = 4; lastKnownFileType = sourcecode.swift; path = Slide.swift; sourceTree = "<group>"; };
		D30623381DFF5B3B00DD1A5D /* DifferentShade.swift */ = {isa = PBXFileReference; fileEncoding = 4; lastKnownFileType = sourcecode.swift; path = DifferentShade.swift; sourceTree = "<group>"; };
		D308F8841DFDEB840059C3EA /* AudioFileWriter-Bridging-Header.h */ = {isa = PBXFileReference; lastKnownFileType = sourcecode.c.h; path = "AudioFileWriter-Bridging-Header.h"; sourceTree = "<group>"; };
		D308F8851DFDEBC80059C3EA /* BufferedOverlapQueue-Bridging-Header.h */ = {isa = PBXFileReference; lastKnownFileType = sourcecode.c.h; path = "BufferedOverlapQueue-Bridging-Header.h"; sourceTree = "<group>"; };
		D308F8861DFDEBF10059C3EA /* CircularBuffer-Bridging-Header.h */ = {isa = PBXFileReference; lastKnownFileType = sourcecode.c.h; path = "CircularBuffer-Bridging-Header.h"; sourceTree = "<group>"; };
		D308F8871DFDEC140059C3EA /* CubicSpline-Bridging-Header.h */ = {isa = PBXFileReference; lastKnownFileType = sourcecode.c.h; path = "CubicSpline-Bridging-Header.h"; sourceTree = "<group>"; };
		D308F8881DFDEC2F0059C3EA /* DataBufferBlock-Bridging-Header.h */ = {isa = PBXFileReference; lastKnownFileType = sourcecode.c.h; path = "DataBufferBlock-Bridging-Header.h"; sourceTree = "<group>"; };
		D308F8891DFDEC5A0059C3EA /* FFTHelper-Bridging-Header.h */ = {isa = PBXFileReference; lastKnownFileType = sourcecode.c.h; path = "FFTHelper-Bridging-Header.h"; sourceTree = "<group>"; };
		D308F88A1DFDEC860059C3EA /* Novocaine-Bridging-Header.h */ = {isa = PBXFileReference; lastKnownFileType = sourcecode.c.h; path = "Novocaine-Bridging-Header.h"; sourceTree = "<group>"; };
		D308F88B1DFDECA80059C3EA /* PeakFinder-Bridging-Header.h */ = {isa = PBXFileReference; lastKnownFileType = sourcecode.c.h; path = "PeakFinder-Bridging-Header.h"; sourceTree = "<group>"; };
		D30D5CC11DE51AFD00D2D13F /* FinalProject.app */ = {isa = PBXFileReference; explicitFileType = wrapper.application; includeInIndex = 0; path = FinalProject.app; sourceTree = BUILT_PRODUCTS_DIR; };
		D30D5CC41DE51AFD00D2D13F /* AppDelegate.swift */ = {isa = PBXFileReference; lastKnownFileType = sourcecode.swift; path = AppDelegate.swift; sourceTree = "<group>"; };
		D30D5CC61DE51AFD00D2D13F /* MenuController.swift */ = {isa = PBXFileReference; lastKnownFileType = sourcecode.swift; path = MenuController.swift; sourceTree = "<group>"; };
		D30D5CC91DE51AFD00D2D13F /* Base */ = {isa = PBXFileReference; lastKnownFileType = file.storyboard; name = Base; path = Base.lproj/Main.storyboard; sourceTree = "<group>"; };
		D30D5CCB1DE51AFD00D2D13F /* Assets.xcassets */ = {isa = PBXFileReference; lastKnownFileType = folder.assetcatalog; path = Assets.xcassets; sourceTree = "<group>"; };
		D30D5CCE1DE51AFD00D2D13F /* Base */ = {isa = PBXFileReference; lastKnownFileType = file.storyboard; name = Base; path = Base.lproj/LaunchScreen.storyboard; sourceTree = "<group>"; };
		D30D5CD01DE51AFD00D2D13F /* Info.plist */ = {isa = PBXFileReference; lastKnownFileType = text.plist.xml; path = Info.plist; sourceTree = "<group>"; };
		D35DCD341DFC96FC00CE4982 /* Button.swift */ = {isa = PBXFileReference; fileEncoding = 4; lastKnownFileType = sourcecode.swift; path = Button.swift; sourceTree = "<group>"; };
		D35DCD361DFC974300CE4982 /* FlatSurface.swift */ = {isa = PBXFileReference; fileEncoding = 4; lastKnownFileType = sourcecode.swift; path = FlatSurface.swift; sourceTree = "<group>"; };
		D35DCD381DFC976C00CE4982 /* SnapFingers.swift */ = {isa = PBXFileReference; fileEncoding = 4; lastKnownFileType = sourcecode.swift; path = SnapFingers.swift; sourceTree = "<group>"; };
		D35DCD3B1DFC9CCD00CE4982 /* .gitignore */ = {isa = PBXFileReference; fileEncoding = 4; lastKnownFileType = text; path = .gitignore; sourceTree = "<group>"; };
		D35DCD3C1DFC9CCD00CE4982 /* AudioFileReader.h */ = {isa = PBXFileReference; fileEncoding = 4; lastKnownFileType = sourcecode.c.h; path = AudioFileReader.h; sourceTree = "<group>"; };
		D35DCD3D1DFC9CCD00CE4982 /* AudioFileReader.m */ = {isa = PBXFileReference; fileEncoding = 4; lastKnownFileType = sourcecode.c.objc; path = AudioFileReader.m; sourceTree = "<group>"; };
		D35DCD3E1DFC9CCD00CE4982 /* AudioFileWriter.h */ = {isa = PBXFileReference; fileEncoding = 4; lastKnownFileType = sourcecode.c.h; path = AudioFileWriter.h; sourceTree = "<group>"; };
		D35DCD3F1DFC9CCD00CE4982 /* AudioFileWriter.m */ = {isa = PBXFileReference; fileEncoding = 4; lastKnownFileType = sourcecode.c.objc; path = AudioFileWriter.m; sourceTree = "<group>"; };
		D35DCD401DFC9CCD00CE4982 /* BufferedOverlapQueue.h */ = {isa = PBXFileReference; fileEncoding = 4; lastKnownFileType = sourcecode.c.h; path = BufferedOverlapQueue.h; sourceTree = "<group>"; };
		D35DCD411DFC9CCD00CE4982 /* BufferedOverlapQueue.m */ = {isa = PBXFileReference; fileEncoding = 4; lastKnownFileType = sourcecode.c.objc; path = BufferedOverlapQueue.m; sourceTree = "<group>"; };
		D35DCD421DFC9CCD00CE4982 /* CircularBuffer.h */ = {isa = PBXFileReference; fileEncoding = 4; lastKnownFileType = sourcecode.c.h; path = CircularBuffer.h; sourceTree = "<group>"; };
		D35DCD431DFC9CCD00CE4982 /* CircularBuffer.m */ = {isa = PBXFileReference; fileEncoding = 4; lastKnownFileType = sourcecode.c.objc; path = CircularBuffer.m; sourceTree = "<group>"; };
		D35DCD441DFC9CCD00CE4982 /* CubicSpline.h */ = {isa = PBXFileReference; fileEncoding = 4; lastKnownFileType = sourcecode.c.h; path = CubicSpline.h; sourceTree = "<group>"; };
		D35DCD451DFC9CCD00CE4982 /* CubicSpline.m */ = {isa = PBXFileReference; fileEncoding = 4; lastKnownFileType = sourcecode.c.objc; path = CubicSpline.m; sourceTree = "<group>"; };
		D35DCD461DFC9CCD00CE4982 /* DataBufferBlock.h */ = {isa = PBXFileReference; fileEncoding = 4; lastKnownFileType = sourcecode.c.h; path = DataBufferBlock.h; sourceTree = "<group>"; };
		D35DCD471DFC9CCD00CE4982 /* DataBufferBlock.m */ = {isa = PBXFileReference; fileEncoding = 4; lastKnownFileType = sourcecode.c.objc; path = DataBufferBlock.m; sourceTree = "<group>"; };
		D35DCD481DFC9CCD00CE4982 /* FFTHelper.h */ = {isa = PBXFileReference; fileEncoding = 4; lastKnownFileType = sourcecode.c.h; path = FFTHelper.h; sourceTree = "<group>"; };
		D35DCD491DFC9CCD00CE4982 /* FFTHelper.m */ = {isa = PBXFileReference; fileEncoding = 4; lastKnownFileType = sourcecode.c.objc; path = FFTHelper.m; sourceTree = "<group>"; };
		D35DCD4A1DFC9CCD00CE4982 /* Novocaine.h */ = {isa = PBXFileReference; fileEncoding = 4; lastKnownFileType = sourcecode.c.h; path = Novocaine.h; sourceTree = "<group>"; };
		D35DCD4B1DFC9CCD00CE4982 /* Novocaine.m */ = {isa = PBXFileReference; fileEncoding = 4; lastKnownFileType = sourcecode.c.objc; path = Novocaine.m; sourceTree = "<group>"; };
		D35DCD4C1DFC9CCD00CE4982 /* PeakFinder.h */ = {isa = PBXFileReference; fileEncoding = 4; lastKnownFileType = sourcecode.c.h; path = PeakFinder.h; sourceTree = "<group>"; };
		D35DCD4D1DFC9CCD00CE4982 /* PeakFinder.m */ = {isa = PBXFileReference; fileEncoding = 4; lastKnownFileType = sourcecode.c.objc; path = PeakFinder.m; sourceTree = "<group>"; };
		D35DCD4E1DFC9CCD00CE4982 /* README.md */ = {isa = PBXFileReference; fileEncoding = 4; lastKnownFileType = net.daringfireball.markdown; path = README.md; sourceTree = "<group>"; };
		D35DCD5A1DFC9D2D00CE4982 /* AudioFileReader-Bridging-Header.h */ = {isa = PBXFileReference; lastKnownFileType = sourcecode.c.h; path = "AudioFileReader-Bridging-Header.h"; sourceTree = "<group>"; };
		D3B371AE1DEDDD280015CE05 /* Task.swift */ = {isa = PBXFileReference; fileEncoding = 4; lastKnownFileType = sourcecode.swift; path = Task.swift; sourceTree = "<group>"; };
/* End PBXFileReference section */

/* Begin PBXFrameworksBuildPhase section */
		D30D5CBE1DE51AFD00D2D13F /* Frameworks */ = {
			isa = PBXFrameworksBuildPhase;
			buildActionMask = 2147483647;
			files = (
				C27807551DFF2727002E58DE /* opencv2.framework in Frameworks */,
			);
			runOnlyForDeploymentPostprocessing = 0;
		};
/* End PBXFrameworksBuildPhase section */

/* Begin PBXGroup section */
		C278074E1DFF26E4002E58DE /* ImageDSPUtils */ = {
			isa = PBXGroup;
			children = (
				C2ADBDFC1DFF2D0300A536CD /* ImageBridgingHeader.h */,
				C27807541DFF2727002E58DE /* opencv2.framework */,
				C27807501DFF2717002E58DE /* OpenCVBridge.mm */,
				C27807511DFF2717002E58DE /* VideoAnalgesic.swift */,
				C278074F1DFF26FF002E58DE /* OpenCVBridge.h */,
			);
			name = ImageDSPUtils;
			sourceTree = "<group>";
		};
		D30D5CB81DE51AFD00D2D13F = {
			isa = PBXGroup;
			children = (
				C278074E1DFF26E4002E58DE /* ImageDSPUtils */,
				D35DCD3A1DFC9CCD00CE4982 /* AudioDSPUtils */,
				D30D5CC31DE51AFD00D2D13F /* FinalProject */,
				D30D5CC21DE51AFD00D2D13F /* Products */,
			);
			sourceTree = "<group>";
		};
		D30D5CC21DE51AFD00D2D13F /* Products */ = {
			isa = PBXGroup;
			children = (
				D30D5CC11DE51AFD00D2D13F /* FinalProject.app */,
			);
			name = Products;
			sourceTree = "<group>";
		};
		D30D5CC31DE51AFD00D2D13F /* FinalProject */ = {
			isa = PBXGroup;
			children = (
				C23198581DFF320C00EC3EEE /* nose.xml */,
				D30D5CC41DE51AFD00D2D13F /* AppDelegate.swift */,
				D30D5CC61DE51AFD00D2D13F /* MenuController.swift */,
				C22C568F1DFE60FC00F707C3 /* SpeedRunComplete.swift */,
				D30D5CC81DE51AFD00D2D13F /* Main.storyboard */,
				C22C568D1DFE5C7B00F707C3 /* TaskManager.swift */,
				D35DCD331DFC909200CE4982 /* Tasks */,
				D30D5CCB1DE51AFD00D2D13F /* Assets.xcassets */,
				D30D5CCD1DE51AFD00D2D13F /* LaunchScreen.storyboard */,
				D30D5CD01DE51AFD00D2D13F /* Info.plist */,
			);
			path = FinalProject;
			sourceTree = "<group>";
		};
		D35DCD331DFC909200CE4982 /* Tasks */ = {
			isa = PBXGroup;
			children = (
				D35DCD341DFC96FC00CE4982 /* Button.swift */,
				C21311031DFF09B70093C827 /* Swipe.swift */,
				D30623381DFF5B3B00DD1A5D /* DifferentShade.swift */,
				D3B371AE1DEDDD280015CE05 /* Task.swift */,
				C2E5354B1DFE467D003F749A /* Slide.swift */,
				C286FB691DFF574E00DF1ACD /* Shake.swift */,
				D35DCD361DFC974300CE4982 /* FlatSurface.swift */,
				D35DCD381DFC976C00CE4982 /* SnapFingers.swift */,
				C278074A1DFF24A7002E58DE /* HandOverCamera.swift */,
				C231985A1DFF47C700EC3EEE /* Walk.swift */,
			);
			name = Tasks;
			sourceTree = "<group>";
		};
		D35DCD3A1DFC9CCD00CE4982 /* AudioDSPUtils */ = {
			isa = PBXGroup;
			children = (
				D35DCD3B1DFC9CCD00CE4982 /* .gitignore */,
				D35DCD3C1DFC9CCD00CE4982 /* AudioFileReader.h */,
				D35DCD3D1DFC9CCD00CE4982 /* AudioFileReader.m */,
				D35DCD3E1DFC9CCD00CE4982 /* AudioFileWriter.h */,
				D35DCD3F1DFC9CCD00CE4982 /* AudioFileWriter.m */,
				D35DCD401DFC9CCD00CE4982 /* BufferedOverlapQueue.h */,
				D35DCD411DFC9CCD00CE4982 /* BufferedOverlapQueue.m */,
				D35DCD421DFC9CCD00CE4982 /* CircularBuffer.h */,
				D35DCD431DFC9CCD00CE4982 /* CircularBuffer.m */,
				D35DCD441DFC9CCD00CE4982 /* CubicSpline.h */,
				D35DCD451DFC9CCD00CE4982 /* CubicSpline.m */,
				D35DCD461DFC9CCD00CE4982 /* DataBufferBlock.h */,
				D35DCD471DFC9CCD00CE4982 /* DataBufferBlock.m */,
				D35DCD481DFC9CCD00CE4982 /* FFTHelper.h */,
				D35DCD491DFC9CCD00CE4982 /* FFTHelper.m */,
				D35DCD4A1DFC9CCD00CE4982 /* Novocaine.h */,
				D35DCD4B1DFC9CCD00CE4982 /* Novocaine.m */,
				D35DCD4C1DFC9CCD00CE4982 /* PeakFinder.h */,
				D35DCD4D1DFC9CCD00CE4982 /* PeakFinder.m */,
				D35DCD5A1DFC9D2D00CE4982 /* AudioFileReader-Bridging-Header.h */,
				D308F8841DFDEB840059C3EA /* AudioFileWriter-Bridging-Header.h */,
				D308F8851DFDEBC80059C3EA /* BufferedOverlapQueue-Bridging-Header.h */,
				D308F8861DFDEBF10059C3EA /* CircularBuffer-Bridging-Header.h */,
				D308F8871DFDEC140059C3EA /* CubicSpline-Bridging-Header.h */,
				D308F8881DFDEC2F0059C3EA /* DataBufferBlock-Bridging-Header.h */,
				D308F8891DFDEC5A0059C3EA /* FFTHelper-Bridging-Header.h */,
				D308F88A1DFDEC860059C3EA /* Novocaine-Bridging-Header.h */,
				D308F88B1DFDECA80059C3EA /* PeakFinder-Bridging-Header.h */,
				D35DCD4E1DFC9CCD00CE4982 /* README.md */,
			);
			path = AudioDSPUtils;
			sourceTree = "<group>";
		};
/* End PBXGroup section */

/* Begin PBXNativeTarget section */
		D30D5CC01DE51AFD00D2D13F /* FinalProject */ = {
			isa = PBXNativeTarget;
			buildConfigurationList = D30D5CD31DE51AFD00D2D13F /* Build configuration list for PBXNativeTarget "FinalProject" */;
			buildPhases = (
				D30D5CBD1DE51AFD00D2D13F /* Sources */,
				D30D5CBE1DE51AFD00D2D13F /* Frameworks */,
				D30D5CBF1DE51AFD00D2D13F /* Resources */,
			);
			buildRules = (
			);
			dependencies = (
			);
			name = FinalProject;
			productName = FinalProject;
			productReference = D30D5CC11DE51AFD00D2D13F /* FinalProject.app */;
			productType = "com.apple.product-type.application";
		};
/* End PBXNativeTarget section */

/* Begin PBXProject section */
		D30D5CB91DE51AFD00D2D13F /* Project object */ = {
			isa = PBXProject;
			attributes = {
				LastSwiftUpdateCheck = 0810;
				LastUpgradeCheck = 0810;
				ORGANIZATIONNAME = Thakugan;
				TargetAttributes = {
					D30D5CC01DE51AFD00D2D13F = {
						CreatedOnToolsVersion = 8.1;
						DevelopmentTeam = EGT4N6FS8J;
						ProvisioningStyle = Automatic;
					};
				};
			};
			buildConfigurationList = D30D5CBC1DE51AFD00D2D13F /* Build configuration list for PBXProject "FinalProject" */;
			compatibilityVersion = "Xcode 3.2";
			developmentRegion = English;
			hasScannedForEncodings = 0;
			knownRegions = (
				en,
				Base,
			);
			mainGroup = D30D5CB81DE51AFD00D2D13F;
			productRefGroup = D30D5CC21DE51AFD00D2D13F /* Products */;
			projectDirPath = "";
			projectRoot = "";
			targets = (
				D30D5CC01DE51AFD00D2D13F /* FinalProject */,
			);
		};
/* End PBXProject section */

/* Begin PBXResourcesBuildPhase section */
		D30D5CBF1DE51AFD00D2D13F /* Resources */ = {
			isa = PBXResourcesBuildPhase;
			buildActionMask = 2147483647;
			files = (
				D35DCD4F1DFC9CCD00CE4982 /* .gitignore in Resources */,
				C23198591DFF320C00EC3EEE /* nose.xml in Resources */,
				D30D5CCF1DE51AFD00D2D13F /* LaunchScreen.storyboard in Resources */,
				D30D5CCC1DE51AFD00D2D13F /* Assets.xcassets in Resources */,
				D30D5CCA1DE51AFD00D2D13F /* Main.storyboard in Resources */,
			);
			runOnlyForDeploymentPostprocessing = 0;
		};
/* End PBXResourcesBuildPhase section */

/* Begin PBXSourcesBuildPhase section */
		D30D5CBD1DE51AFD00D2D13F /* Sources */ = {
			isa = PBXSourcesBuildPhase;
			buildActionMask = 2147483647;
			files = (
				C22C568E1DFE5C7B00F707C3 /* TaskManager.swift in Sources */,
				C286FB6A1DFF574E00DF1ACD /* Shake.swift in Sources */,
				C27807521DFF2717002E58DE /* OpenCVBridge.mm in Sources */,
				D35DCD531DFC9CCD00CE4982 /* CircularBuffer.m in Sources */,
				D30623391DFF5B3B00DD1A5D /* DifferentShade.swift in Sources */,
				C21311041DFF09B70093C827 /* Swipe.swift in Sources */,
				C231985B1DFF47C700EC3EEE /* Walk.swift in Sources */,
				D35DCD561DFC9CCD00CE4982 /* FFTHelper.m in Sources */,
				D35DCD541DFC9CCD00CE4982 /* CubicSpline.m in Sources */,
				D35DCD501DFC9CCD00CE4982 /* AudioFileReader.m in Sources */,
				D35DCD551DFC9CCD00CE4982 /* DataBufferBlock.m in Sources */,
				D35DCD371DFC974300CE4982 /* FlatSurface.swift in Sources */,
				C22C56901DFE60FC00F707C3 /* SpeedRunComplete.swift in Sources */,
				D35DCD591DFC9CCD00CE4982 /* README.md in Sources */,
				D30D5CC71DE51AFD00D2D13F /* MenuController.swift in Sources */,
				C2E5354C1DFE467D003F749A /* Slide.swift in Sources */,
				C278074B1DFF24A7002E58DE /* HandOverCamera.swift in Sources */,
				D35DCD511DFC9CCD00CE4982 /* AudioFileWriter.m in Sources */,
				D35DCD391DFC976C00CE4982 /* SnapFingers.swift in Sources */,
				D3B371AF1DEDDD280015CE05 /* Task.swift in Sources */,
				D35DCD571DFC9CCD00CE4982 /* Novocaine.m in Sources */,
				C27807531DFF2717002E58DE /* VideoAnalgesic.swift in Sources */,
				D35DCD581DFC9CCD00CE4982 /* PeakFinder.m in Sources */,
				D30D5CC51DE51AFD00D2D13F /* AppDelegate.swift in Sources */,
				D35DCD521DFC9CCD00CE4982 /* BufferedOverlapQueue.m in Sources */,
				D35DCD351DFC96FC00CE4982 /* Button.swift in Sources */,
			);
			runOnlyForDeploymentPostprocessing = 0;
		};
/* End PBXSourcesBuildPhase section */

/* Begin PBXVariantGroup section */
		D30D5CC81DE51AFD00D2D13F /* Main.storyboard */ = {
			isa = PBXVariantGroup;
			children = (
				D30D5CC91DE51AFD00D2D13F /* Base */,
			);
			name = Main.storyboard;
			sourceTree = "<group>";
		};
		D30D5CCD1DE51AFD00D2D13F /* LaunchScreen.storyboard */ = {
			isa = PBXVariantGroup;
			children = (
				D30D5CCE1DE51AFD00D2D13F /* Base */,
			);
			name = LaunchScreen.storyboard;
			sourceTree = "<group>";
		};
/* End PBXVariantGroup section */

/* Begin XCBuildConfiguration section */
		D30D5CD11DE51AFD00D2D13F /* Debug */ = {
			isa = XCBuildConfiguration;
			buildSettings = {
				ALWAYS_SEARCH_USER_PATHS = NO;
				CLANG_ANALYZER_NONNULL = YES;
				CLANG_CXX_LANGUAGE_STANDARD = "gnu++0x";
				CLANG_CXX_LIBRARY = "libc++";
				CLANG_ENABLE_MODULES = YES;
				CLANG_ENABLE_OBJC_ARC = YES;
				CLANG_WARN_BOOL_CONVERSION = YES;
				CLANG_WARN_CONSTANT_CONVERSION = YES;
				CLANG_WARN_DIRECT_OBJC_ISA_USAGE = YES_ERROR;
				CLANG_WARN_DOCUMENTATION_COMMENTS = YES;
				CLANG_WARN_EMPTY_BODY = YES;
				CLANG_WARN_ENUM_CONVERSION = YES;
				CLANG_WARN_INFINITE_RECURSION = YES;
				CLANG_WARN_INT_CONVERSION = YES;
				CLANG_WARN_OBJC_ROOT_CLASS = YES_ERROR;
				CLANG_WARN_SUSPICIOUS_MOVES = YES;
				CLANG_WARN_UNREACHABLE_CODE = YES;
				CLANG_WARN__DUPLICATE_METHOD_MATCH = YES;
				"CODE_SIGN_IDENTITY[sdk=iphoneos*]" = "iPhone Developer";
				COPY_PHASE_STRIP = NO;
				DEBUG_INFORMATION_FORMAT = dwarf;
				ENABLE_STRICT_OBJC_MSGSEND = YES;
				ENABLE_TESTABILITY = YES;
				GCC_C_LANGUAGE_STANDARD = gnu99;
				GCC_DYNAMIC_NO_PIC = NO;
				GCC_NO_COMMON_BLOCKS = YES;
				GCC_OPTIMIZATION_LEVEL = 0;
				GCC_PREPROCESSOR_DEFINITIONS = (
					"DEBUG=1",
					"$(inherited)",
				);
				GCC_WARN_64_TO_32_BIT_CONVERSION = YES;
				GCC_WARN_ABOUT_RETURN_TYPE = YES_ERROR;
				GCC_WARN_UNDECLARED_SELECTOR = YES;
				GCC_WARN_UNINITIALIZED_AUTOS = YES_AGGRESSIVE;
				GCC_WARN_UNUSED_FUNCTION = YES;
				GCC_WARN_UNUSED_VARIABLE = YES;
				IPHONEOS_DEPLOYMENT_TARGET = 10.1;
				MTL_ENABLE_DEBUG_INFO = YES;
				ONLY_ACTIVE_ARCH = YES;
				SDKROOT = iphoneos;
				SWIFT_ACTIVE_COMPILATION_CONDITIONS = DEBUG;
				SWIFT_OPTIMIZATION_LEVEL = "-Onone";
			};
			name = Debug;
		};
		D30D5CD21DE51AFD00D2D13F /* Release */ = {
			isa = XCBuildConfiguration;
			buildSettings = {
				ALWAYS_SEARCH_USER_PATHS = NO;
				CLANG_ANALYZER_NONNULL = YES;
				CLANG_CXX_LANGUAGE_STANDARD = "gnu++0x";
				CLANG_CXX_LIBRARY = "libc++";
				CLANG_ENABLE_MODULES = YES;
				CLANG_ENABLE_OBJC_ARC = YES;
				CLANG_WARN_BOOL_CONVERSION = YES;
				CLANG_WARN_CONSTANT_CONVERSION = YES;
				CLANG_WARN_DIRECT_OBJC_ISA_USAGE = YES_ERROR;
				CLANG_WARN_DOCUMENTATION_COMMENTS = YES;
				CLANG_WARN_EMPTY_BODY = YES;
				CLANG_WARN_ENUM_CONVERSION = YES;
				CLANG_WARN_INFINITE_RECURSION = YES;
				CLANG_WARN_INT_CONVERSION = YES;
				CLANG_WARN_OBJC_ROOT_CLASS = YES_ERROR;
				CLANG_WARN_SUSPICIOUS_MOVES = YES;
				CLANG_WARN_UNREACHABLE_CODE = YES;
				CLANG_WARN__DUPLICATE_METHOD_MATCH = YES;
				"CODE_SIGN_IDENTITY[sdk=iphoneos*]" = "iPhone Developer";
				COPY_PHASE_STRIP = NO;
				DEBUG_INFORMATION_FORMAT = "dwarf-with-dsym";
				ENABLE_NS_ASSERTIONS = NO;
				ENABLE_STRICT_OBJC_MSGSEND = YES;
				GCC_C_LANGUAGE_STANDARD = gnu99;
				GCC_NO_COMMON_BLOCKS = YES;
				GCC_WARN_64_TO_32_BIT_CONVERSION = YES;
				GCC_WARN_ABOUT_RETURN_TYPE = YES_ERROR;
				GCC_WARN_UNDECLARED_SELECTOR = YES;
				GCC_WARN_UNINITIALIZED_AUTOS = YES_AGGRESSIVE;
				GCC_WARN_UNUSED_FUNCTION = YES;
				GCC_WARN_UNUSED_VARIABLE = YES;
				IPHONEOS_DEPLOYMENT_TARGET = 10.1;
				MTL_ENABLE_DEBUG_INFO = NO;
				SDKROOT = iphoneos;
				SWIFT_OPTIMIZATION_LEVEL = "-Owholemodule";
				VALIDATE_PRODUCT = YES;
			};
			name = Release;
		};
		D30D5CD41DE51AFD00D2D13F /* Debug */ = {
			isa = XCBuildConfiguration;
			buildSettings = {
				ASSETCATALOG_COMPILER_APPICON_NAME = AppIcon;
				DEVELOPMENT_TEAM = EGT4N6FS8J;
				ENABLE_BITCODE = NO;
				FRAMEWORK_SEARCH_PATHS = (
					"$(inherited)",
					"$(PROJECT_DIR)/ImageDSPUtils",
				);
				INFOPLIST_FILE = FinalProject/Info.plist;
				LD_RUNPATH_SEARCH_PATHS = "$(inherited) @executable_path/Frameworks";
				PRODUCT_BUNDLE_IDENTIFIER = com.exaomple.SpeedR;
				PRODUCT_NAME = "$(TARGET_NAME)";
				SWIFT_OBJC_BRIDGING_HEADER = ImageDSPUtils/ImageBridgingHeader.h;
				SWIFT_VERSION = 3.0;
			};
			name = Debug;
		};
		D30D5CD51DE51AFD00D2D13F /* Release */ = {
			isa = XCBuildConfiguration;
			buildSettings = {
				ASSETCATALOG_COMPILER_APPICON_NAME = AppIcon;
				DEVELOPMENT_TEAM = EGT4N6FS8J;
				ENABLE_BITCODE = NO;
				FRAMEWORK_SEARCH_PATHS = (
					"$(inherited)",
					"$(PROJECT_DIR)/ImageDSPUtils",
				);
				INFOPLIST_FILE = FinalProject/Info.plist;
				LD_RUNPATH_SEARCH_PATHS = "$(inherited) @executable_path/Frameworks";
				PRODUCT_BUNDLE_IDENTIFIER = com.exaomple.SpeedR;
				PRODUCT_NAME = "$(TARGET_NAME)";
				SWIFT_OBJC_BRIDGING_HEADER = ImageDSPUtils/ImageBridgingHeader.h;
				SWIFT_VERSION = 3.0;
			};
			name = Release;
		};
/* End XCBuildConfiguration section */

/* Begin XCConfigurationList section */
		D30D5CBC1DE51AFD00D2D13F /* Build configuration list for PBXProject "FinalProject" */ = {
			isa = XCConfigurationList;
			buildConfigurations = (
				D30D5CD11DE51AFD00D2D13F /* Debug */,
				D30D5CD21DE51AFD00D2D13F /* Release */,
			);
			defaultConfigurationIsVisible = 0;
			defaultConfigurationName = Release;
		};
		D30D5CD31DE51AFD00D2D13F /* Build configuration list for PBXNativeTarget "FinalProject" */ = {
			isa = XCConfigurationList;
			buildConfigurations = (
				D30D5CD41DE51AFD00D2D13F /* Debug */,
				D30D5CD51DE51AFD00D2D13F /* Release */,
			);
			defaultConfigurationIsVisible = 0;
			defaultConfigurationName = Release;
		};
/* End XCConfigurationList section */
	};
	rootObject = D30D5CB91DE51AFD00D2D13F /* Project object */;
}
