// !$*UTF8*$!
{
	archiveVersion = 1;
	classes = {
	};
	objectVersion = 46;
	objects = {

/* Begin PBXBuildFile section */
		D30D5CC51DE51AFD00D2D13F /* AppDelegate.swift in Sources */ = {isa = PBXBuildFile; fileRef = D30D5CC41DE51AFD00D2D13F /* AppDelegate.swift */; };
		D30D5CC71DE51AFD00D2D13F /* ViewController.swift in Sources */ = {isa = PBXBuildFile; fileRef = D30D5CC61DE51AFD00D2D13F /* ViewController.swift */; };
		D30D5CCA1DE51AFD00D2D13F /* Main.storyboard in Resources */ = {isa = PBXBuildFile; fileRef = D30D5CC81DE51AFD00D2D13F /* Main.storyboard */; };
		D30D5CCC1DE51AFD00D2D13F /* Assets.xcassets in Resources */ = {isa = PBXBuildFile; fileRef = D30D5CCB1DE51AFD00D2D13F /* Assets.xcassets */; };
		D30D5CCF1DE51AFD00D2D13F /* LaunchScreen.storyboard in Resources */ = {isa = PBXBuildFile; fileRef = D30D5CCD1DE51AFD00D2D13F /* LaunchScreen.storyboard */; };
/* End PBXBuildFile section */

/* Begin PBXFileReference section */
		D30D5CC11DE51AFD00D2D13F /* FinalProject.app */ = {isa = PBXFileReference; explicitFileType = wrapper.application; includeInIndex = 0; path = FinalProject.app; sourceTree = BUILT_PRODUCTS_DIR; };
		D30D5CC41DE51AFD00D2D13F /* AppDelegate.swift */ = {isa = PBXFileReference; lastKnownFileType = sourcecode.swift; path = AppDelegate.swift; sourceTree = "<group>"; };
		D30D5CC61DE51AFD00D2D13F /* ViewController.swift */ = {isa = PBXFileReference; lastKnownFileType = sourcecode.swift; path = ViewController.swift; sourceTree = "<group>"; };
		D30D5CC91DE51AFD00D2D13F /* Base */ = {isa = PBXFileReference; lastKnownFileType = file.storyboard; name = Base; path = Base.lproj/Main.storyboard; sourceTree = "<group>"; };
		D30D5CCB1DE51AFD00D2D13F /* Assets.xcassets */ = {isa = PBXFileReference; lastKnownFileType = folder.assetcatalog; path = Assets.xcassets; sourceTree = "<group>"; };
		D30D5CCE1DE51AFD00D2D13F /* Base */ = {isa = PBXFileReference; lastKnownFileType = file.storyboard; name = Base; path = Base.lproj/LaunchScreen.storyboard; sourceTree = "<group>"; };
		D30D5CD01DE51AFD00D2D13F /* Info.plist */ = {isa = PBXFileReference; lastKnownFileType = text.plist.xml; path = Info.plist; sourceTree = "<group>"; };
/* End PBXFileReference section */

/* Begin PBXFrameworksBuildPhase section */
		D30D5CBE1DE51AFD00D2D13F /* Frameworks */ = {
			isa = PBXFrameworksBuildPhase;
			buildActionMask = 2147483647;
			files = (
			);
			runOnlyForDeploymentPostprocessing = 0;
		};
/* End PBXFrameworksBuildPhase section */

/* Begin PBXGroup section */
		D30D5CB81DE51AFD00D2D13F = {
			isa = PBXGroup;
			children = (
				D30D5CC31DE51AFD00D2D13F /* FinalProject */,
				D30D5CC21DE51AFD00D2D13F /* Products */,
			);
			sourceTree = "<group>";
		};
		D30D5CC21DE51AFD00D2D13F /* Products */ = {
			isa = PBXGroup;
			children = (
				D30D5CC11DE51AFD00D2D13F /* FinalProject.app */,
			);
			name = Products;
			sourceTree = "<group>";
		};
		D30D5CC31DE51AFD00D2D13F /* FinalProject */ = {
			isa = PBXGroup;
			children = (
				D30D5CC41DE51AFD00D2D13F /* AppDelegate.swift */,
				D30D5CC61DE51AFD00D2D13F /* ViewController.swift */,
				D30D5CC81DE51AFD00D2D13F /* Main.storyboard */,
				D30D5CCB1DE51AFD00D2D13F /* Assets.xcassets */,
				D30D5CCD1DE51AFD00D2D13F /* LaunchScreen.storyboard */,
				D30D5CD01DE51AFD00D2D13F /* Info.plist */,
			);
			path = FinalProject;
			sourceTree = "<group>";
		};
/* End PBXGroup section */

/* Begin PBXNativeTarget section */
		D30D5CC01DE51AFD00D2D13F /* FinalProject */ = {
			isa = PBXNativeTarget;
			buildConfigurationList = D30D5CD31DE51AFD00D2D13F /* Build configuration list for PBXNativeTarget "FinalProject" */;
			buildPhases = (
				D30D5CBD1DE51AFD00D2D13F /* Sources */,
				D30D5CBE1DE51AFD00D2D13F /* Frameworks */,
				D30D5CBF1DE51AFD00D2D13F /* Resources */,
			);
			buildRules = (
			);
			dependencies = (
			);
			name = FinalProject;
			productName = FinalProject;
			productReference = D30D5CC11DE51AFD00D2D13F /* FinalProject.app */;
			productType = "com.apple.product-type.application";
		};
/* End PBXNativeTarget section */

/* Begin PBXProject section */
		D30D5CB91DE51AFD00D2D13F /* Project object */ = {
			isa = PBXProject;
			attributes = {
				LastSwiftUpdateCheck = 0810;
				LastUpgradeCheck = 0810;
				ORGANIZATIONNAME = Thakugan;
				TargetAttributes = {
					D30D5CC01DE51AFD00D2D13F = {
						CreatedOnToolsVersion = 8.1;
						DevelopmentTeam = F69WJ27LN4;
						ProvisioningStyle = Automatic;
					};
				};
			};
			buildConfigurationList = D30D5CBC1DE51AFD00D2D13F /* Build configuration list for PBXProject "FinalProject" */;
			compatibilityVersion = "Xcode 3.2";
			developmentRegion = English;
			hasScannedForEncodings = 0;
			knownRegions = (
				en,
				Base,
			);
			mainGroup = D30D5CB81DE51AFD00D2D13F;
			productRefGroup = D30D5CC21DE51AFD00D2D13F /* Products */;
			projectDirPath = "";
			projectRoot = "";
			targets = (
				D30D5CC01DE51AFD00D2D13F /* FinalProject */,
			);
		};
/* End PBXProject section */

/* Begin PBXResourcesBuildPhase section */
		D30D5CBF1DE51AFD00D2D13F /* Resources */ = {
			isa = PBXResourcesBuildPhase;
			buildActionMask = 2147483647;
			files = (
				D30D5CCF1DE51AFD00D2D13F /* LaunchScreen.storyboard in Resources */,
				D30D5CCC1DE51AFD00D2D13F /* Assets.xcassets in Resources */,
				D30D5CCA1DE51AFD00D2D13F /* Main.storyboard in Resources */,
			);
			runOnlyForDeploymentPostprocessing = 0;
		};
/* End PBXResourcesBuildPhase section */

/* Begin PBXSourcesBuildPhase section */
		D30D5CBD1DE51AFD00D2D13F /* Sources */ = {
			isa = PBXSourcesBuildPhase;
			buildActionMask = 2147483647;
			files = (
				D30D5CC71DE51AFD00D2D13F /* ViewController.swift in Sources */,
				D30D5CC51DE51AFD00D2D13F /* AppDelegate.swift in Sources */,
			);
			runOnlyForDeploymentPostprocessing = 0;
		};
/* End PBXSourcesBuildPhase section */

/* Begin PBXVariantGroup section */
		D30D5CC81DE51AFD00D2D13F /* Main.storyboard */ = {
			isa = PBXVariantGroup;
			children = (
				D30D5CC91DE51AFD00D2D13F /* Base */,
			);
			name = Main.storyboard;
			sourceTree = "<group>";
		};
		D30D5CCD1DE51AFD00D2D13F /* LaunchScreen.storyboard */ = {
			isa = PBXVariantGroup;
			children = (
				D30D5CCE1DE51AFD00D2D13F /* Base */,
			);
			name = LaunchScreen.storyboard;
			sourceTree = "<group>";
		};
/* End PBXVariantGroup section */

/* Begin XCBuildConfiguration section */
		D30D5CD11DE51AFD00D2D13F /* Debug */ = {
			isa = XCBuildConfiguration;
			buildSettings = {
				ALWAYS_SEARCH_USER_PATHS = NO;
				CLANG_ANALYZER_NONNULL = YES;
				CLANG_CXX_LANGUAGE_STANDARD = "gnu++0x";
				CLANG_CXX_LIBRARY = "libc++";
				CLANG_ENABLE_MODULES = YES;
				CLANG_ENABLE_OBJC_ARC = YES;
				CLANG_WARN_BOOL_CONVERSION = YES;
				CLANG_WARN_CONSTANT_CONVERSION = YES;
				CLANG_WARN_DIRECT_OBJC_ISA_USAGE = YES_ERROR;
				CLANG_WARN_DOCUMENTATION_COMMENTS = YES;
				CLANG_WARN_EMPTY_BODY = YES;
				CLANG_WARN_ENUM_CONVERSION = YES;
				CLANG_WARN_INFINITE_RECURSION = YES;
				CLANG_WARN_INT_CONVERSION = YES;
				CLANG_WARN_OBJC_ROOT_CLASS = YES_ERROR;
				CLANG_WARN_SUSPICIOUS_MOVES = YES;
				CLANG_WARN_UNREACHABLE_CODE = YES;
				CLANG_WARN__DUPLICATE_METHOD_MATCH = YES;
				"CODE_SIGN_IDENTITY[sdk=iphoneos*]" = "iPhone Developer";
				COPY_PHASE_STRIP = NO;
				DEBUG_INFORMATION_FORMAT = dwarf;
				ENABLE_STRICT_OBJC_MSGSEND = YES;
				ENABLE_TESTABILITY = YES;
				GCC_C_LANGUAGE_STANDARD = gnu99;
				GCC_DYNAMIC_NO_PIC = NO;
				GCC_NO_COMMON_BLOCKS = YES;
				GCC_OPTIMIZATION_LEVEL = 0;
				GCC_PREPROCESSOR_DEFINITIONS = (
					"DEBUG=1",
					"$(inherited)",
				);
				GCC_WARN_64_TO_32_BIT_CONVERSION = YES;
				GCC_WARN_ABOUT_RETURN_TYPE = YES_ERROR;
				GCC_WARN_UNDECLARED_SELECTOR = YES;
				GCC_WARN_UNINITIALIZED_AUTOS = YES_AGGRESSIVE;
				GCC_WARN_UNUSED_FUNCTION = YES;
				GCC_WARN_UNUSED_VARIABLE = YES;
				IPHONEOS_DEPLOYMENT_TARGET = 10.1;
				MTL_ENABLE_DEBUG_INFO = YES;
				ONLY_ACTIVE_ARCH = YES;
				SDKROOT = iphoneos;
				SWIFT_ACTIVE_COMPILATION_CONDITIONS = DEBUG;
				SWIFT_OPTIMIZATION_LEVEL = "-Onone";
			};
			name = Debug;
		};
		D30D5CD21DE51AFD00D2D13F /* Release */ = {
			isa = XCBuildConfiguration;
			buildSettings = {
				ALWAYS_SEARCH_USER_PATHS = NO;
				CLANG_ANALYZER_NONNULL = YES;
				CLANG_CXX_LANGUAGE_STANDARD = "gnu++0x";
				CLANG_CXX_LIBRARY = "libc++";
				CLANG_ENABLE_MODULES = YES;
				CLANG_ENABLE_OBJC_ARC = YES;
				CLANG_WARN_BOOL_CONVERSION = YES;
				CLANG_WARN_CONSTANT_CONVERSION = YES;
				CLANG_WARN_DIRECT_OBJC_ISA_USAGE = YES_ERROR;
				CLANG_WARN_DOCUMENTATION_COMMENTS = YES;
				CLANG_WARN_EMPTY_BODY = YES;
				CLANG_WARN_ENUM_CONVERSION = YES;
				CLANG_WARN_INFINITE_RECURSION = YES;
				CLANG_WARN_INT_CONVERSION = YES;
				CLANG_WARN_OBJC_ROOT_CLASS = YES_ERROR;
				CLANG_WARN_SUSPICIOUS_MOVES = YES;
				CLANG_WARN_UNREACHABLE_CODE = YES;
				CLANG_WARN__DUPLICATE_METHOD_MATCH = YES;
				"CODE_SIGN_IDENTITY[sdk=iphoneos*]" = "iPhone Developer";
				COPY_PHASE_STRIP = NO;
				DEBUG_INFORMATION_FORMAT = "dwarf-with-dsym";
				ENABLE_NS_ASSERTIONS = NO;
				ENABLE_STRICT_OBJC_MSGSEND = YES;
				GCC_C_LANGUAGE_STANDARD = gnu99;
				GCC_NO_COMMON_BLOCKS = YES;
				GCC_WARN_64_TO_32_BIT_CONVERSION = YES;
				GCC_WARN_ABOUT_RETURN_TYPE = YES_ERROR;
				GCC_WARN_UNDECLARED_SELECTOR = YES;
				GCC_WARN_UNINITIALIZED_AUTOS = YES_AGGRESSIVE;
				GCC_WARN_UNUSED_FUNCTION = YES;
				GCC_WARN_UNUSED_VARIABLE = YES;
				IPHONEOS_DEPLOYMENT_TARGET = 10.1;
				MTL_ENABLE_DEBUG_INFO = NO;
				SDKROOT = iphoneos;
				SWIFT_OPTIMIZATION_LEVEL = "-Owholemodule";
				VALIDATE_PRODUCT = YES;
			};
			name = Release;
		};
		D30D5CD41DE51AFD00D2D13F /* Debug */ = {
			isa = XCBuildConfiguration;
			buildSettings = {
				ASSETCATALOG_COMPILER_APPICON_NAME = AppIcon;
				DEVELOPMENT_TEAM = F69WJ27LN4;
				INFOPLIST_FILE = FinalProject/Info.plist;
				LD_RUNPATH_SEARCH_PATHS = "$(inherited) @executable_path/Frameworks";
				PRODUCT_BUNDLE_IDENTIFIER = Thakugan.FinalProject;
				PRODUCT_NAME = "$(TARGET_NAME)";
				SWIFT_VERSION = 3.0;
			};
			name = Debug;
		};
		D30D5CD51DE51AFD00D2D13F /* Release */ = {
			isa = XCBuildConfiguration;
			buildSettings = {
				ASSETCATALOG_COMPILER_APPICON_NAME = AppIcon;
				DEVELOPMENT_TEAM = F69WJ27LN4;
				INFOPLIST_FILE = FinalProject/Info.plist;
				LD_RUNPATH_SEARCH_PATHS = "$(inherited) @executable_path/Frameworks";
				PRODUCT_BUNDLE_IDENTIFIER = Thakugan.FinalProject;
				PRODUCT_NAME = "$(TARGET_NAME)";
				SWIFT_VERSION = 3.0;
			};
			name = Release;
		};
/* End XCBuildConfiguration section */

/* Begin XCConfigurationList section */
		D30D5CBC1DE51AFD00D2D13F /* Build configuration list for PBXProject "FinalProject" */ = {
			isa = XCConfigurationList;
			buildConfigurations = (
				D30D5CD11DE51AFD00D2D13F /* Debug */,
				D30D5CD21DE51AFD00D2D13F /* Release */,
			);
			defaultConfigurationIsVisible = 0;
			defaultConfigurationName = Release;
		};
		D30D5CD31DE51AFD00D2D13F /* Build configuration list for PBXNativeTarget "FinalProject" */ = {
			isa = XCConfigurationList;
			buildConfigurations = (
				D30D5CD41DE51AFD00D2D13F /* Debug */,
				D30D5CD51DE51AFD00D2D13F /* Release */,
			);
			defaultConfigurationIsVisible = 0;
		};
/* End XCConfigurationList section */
	};
	rootObject = D30D5CB91DE51AFD00D2D13F /* Project object */;
}
